
Microsoft Visual Studio Solution File, Format Version 12.00
# Visual Studio Version 17
VisualStudioVersion = 17.11.35431.28
MinimumVisualStudioVersion = 10.0.40219.1
Project("{FAE04EC0-301F-11D3-BF4B-00C04F79EFBC}") = "520-Detect Capital", "520-Detect Capital.csproj", "{ABCA15A4-EF5A-4069-B92A-1BC3116CB271}"
EndProject
Global
	GlobalSection(SolutionConfigurationPlatforms) = preSolution
		Debug|Any CPU = Debug|Any CPU
		Release|Any CPU = Release|Any CPU
	EndGlobalSection
	GlobalSection(ProjectConfigurationPlatforms) = postSolution
		{ABCA15A4-EF5A-4069-B92A-1BC3116CB271}.Debug|Any CPU.ActiveCfg = Debug|Any CPU
		{ABCA15A4-EF5A-4069-B92A-1BC3116CB271}.Debug|Any CPU.Build.0 = Debug|Any CPU
		{ABCA15A4-EF5A-4069-B92A-1BC3116CB271}.Release|Any CPU.ActiveCfg = Release|Any CPU
		{ABCA15A4-EF5A-4069-B92A-1BC3116CB271}.Release|Any CPU.Build.0 = Release|Any CPU
	EndGlobalSection
	GlobalSection(SolutionProperties) = preSolution
		HideSolutionNode = FALSE
	EndGlobalSection
	GlobalSection(ExtensibilityGlobals) = postSolution
		SolutionGuid = {791C0887-BFAD-48BD-BE0A-FF6727B32F3F}
	EndGlobalSection
EndGlobal
